
Microsoft Visual Studio Solution File, Format Version 12.00
# Visual Studio Version 17
VisualStudioVersion = 17.10.34916.146
MinimumVisualStudioVersion = 10.0.40219.1
Project("{FAE04EC0-301F-11D3-BF4B-00C04F79EFBC}") = "ProductPOC", "ProductPOC\ProductPOC.csproj", "{496C8E95-4055-4607-9054-00D38CA996E7}"
EndProject
Project("{FAE04EC0-301F-11D3-BF4B-00C04F79EFBC}") = "ProductTest", "ProductTest\ProductTest.csproj", "{27D1FB12-2F27-4ADB-862E-34858D9F6682}"
EndProject
Project("{2150E333-8FDC-42A3-9474-1A3956D46DE8}") = "Solution Items", "Solution Items", "{06687533-3FE8-4964-842B-0BC5BD787A94}"
	ProjectSection(SolutionItems) = preProject
		.gitignore = .gitignore
	EndProjectSection
EndProject
Global
	GlobalSection(SolutionConfigurationPlatforms) = preSolution
		Debug|Any CPU = Debug|Any CPU
		Release|Any CPU = Release|Any CPU
	EndGlobalSection
	GlobalSection(ProjectConfigurationPlatforms) = postSolution
		{496C8E95-4055-4607-9054-00D38CA996E7}.Debug|Any CPU.ActiveCfg = Debug|Any CPU
		{496C8E95-4055-4607-9054-00D38CA996E7}.Debug|Any CPU.Build.0 = Debug|Any CPU
		{496C8E95-4055-4607-9054-00D38CA996E7}.Release|Any CPU.ActiveCfg = Release|Any CPU
		{496C8E95-4055-4607-9054-00D38CA996E7}.Release|Any CPU.Build.0 = Release|Any CPU
		{27D1FB12-2F27-4ADB-862E-34858D9F6682}.Debug|Any CPU.ActiveCfg = Debug|Any CPU
		{27D1FB12-2F27-4ADB-862E-34858D9F6682}.Debug|Any CPU.Build.0 = Debug|Any CPU
		{27D1FB12-2F27-4ADB-862E-34858D9F6682}.Release|Any CPU.ActiveCfg = Release|Any CPU
		{27D1FB12-2F27-4ADB-862E-34858D9F6682}.Release|Any CPU.Build.0 = Release|Any CPU
	EndGlobalSection
	GlobalSection(SolutionProperties) = preSolution
		HideSolutionNode = FALSE
	EndGlobalSection
	GlobalSection(ExtensibilityGlobals) = postSolution
		SolutionGuid = {358FA691-8A79-4CBD-88F0-1C0D1E19D061}
	EndGlobalSection
EndGlobal
